
Microsoft Visual Studio Solution File, Format Version 12.00
# Visual Studio 15
VisualStudioVersion = 15.0.28307.136
MinimumVisualStudioVersion = 10.0.40219.1
Project("{00D1A9C2-B5F0-4AF3-8072-F6C62B433612}") = "Database1", "Database1\Database1.sqlproj", "{93E7DB29-97EA-480C-A955-77ADFDCF102E}"
EndProject
Global
	GlobalSection(SolutionConfigurationPlatforms) = preSolution
		Debug|Any CPU = Debug|Any CPU
		Release|Any CPU = Release|Any CPU
	EndGlobalSection
	GlobalSection(ProjectConfigurationPlatforms) = postSolution
		{93E7DB29-97EA-480C-A955-77ADFDCF102E}.Debug|Any CPU.ActiveCfg = Debug|Any CPU
		{93E7DB29-97EA-480C-A955-77ADFDCF102E}.Debug|Any CPU.Build.0 = Debug|Any CPU
		{93E7DB29-97EA-480C-A955-77ADFDCF102E}.Debug|Any CPU.Deploy.0 = Debug|Any CPU
		{93E7DB29-97EA-480C-A955-77ADFDCF102E}.Release|Any CPU.ActiveCfg = Release|Any CPU
		{93E7DB29-97EA-480C-A955-77ADFDCF102E}.Release|Any CPU.Build.0 = Release|Any CPU
		{93E7DB29-97EA-480C-A955-77ADFDCF102E}.Release|Any CPU.Deploy.0 = Release|Any CPU
	EndGlobalSection
	GlobalSection(SolutionProperties) = preSolution
		HideSolutionNode = FALSE
	EndGlobalSection
	GlobalSection(ExtensibilityGlobals) = postSolution
		SolutionGuid = {06607B8C-4540-430A-AFB5-6830A08EC44D}
	EndGlobalSection
EndGlobal
