
Microsoft Visual Studio Solution File, Format Version 12.00
# Visual Studio 15
VisualStudioVersion = 15.0.28307.329
MinimumVisualStudioVersion = 10.0.40219.1
Project("{00D1A9C2-B5F0-4AF3-8072-F6C62B433612}") = "OSEBX", "OBX\OSEBX.sqlproj", "{CE47BFA8-632B-4D70-8191-2573F022E95B}"
EndProject
Global
	GlobalSection(SolutionConfigurationPlatforms) = preSolution
		Debug|Any CPU = Debug|Any CPU
		Release|Any CPU = Release|Any CPU
	EndGlobalSection
	GlobalSection(ProjectConfigurationPlatforms) = postSolution
		{CE47BFA8-632B-4D70-8191-2573F022E95B}.Debug|Any CPU.ActiveCfg = Debug|Any CPU
		{CE47BFA8-632B-4D70-8191-2573F022E95B}.Debug|Any CPU.Build.0 = Debug|Any CPU
		{CE47BFA8-632B-4D70-8191-2573F022E95B}.Debug|Any CPU.Deploy.0 = Debug|Any CPU
		{CE47BFA8-632B-4D70-8191-2573F022E95B}.Release|Any CPU.ActiveCfg = Release|Any CPU
		{CE47BFA8-632B-4D70-8191-2573F022E95B}.Release|Any CPU.Build.0 = Release|Any CPU
		{CE47BFA8-632B-4D70-8191-2573F022E95B}.Release|Any CPU.Deploy.0 = Release|Any CPU
	EndGlobalSection
	GlobalSection(SolutionProperties) = preSolution
		HideSolutionNode = FALSE
	EndGlobalSection
	GlobalSection(ExtensibilityGlobals) = postSolution
		SolutionGuid = {D077182E-1784-4678-8BAD-231974938068}
	EndGlobalSection
EndGlobal
